
Microsoft Visual Studio Solution File, Format Version 12.00
# Visual Studio Version 16
VisualStudioVersion = 16.0.30114.105
MinimumVisualStudioVersion = 10.0.40219.1
Project("{FAE04EC0-301F-11D3-BF4B-00C04F79EFBC}") = "itau-teste", "api\itau-teste.csproj", "{EC9F97AF-6C2D-4B92-A67D-A38F3682A4B5}"
EndProject
Project("{FAE04EC0-301F-11D3-BF4B-00C04F79EFBC}") = "integrationTests", "integrationTests\integrationTests.csproj", "{735AA330-0D34-4DAC-9BDA-03B5B6EBFFDD}"
EndProject
Global
	GlobalSection(SolutionConfigurationPlatforms) = preSolution
		Debug|Any CPU = Debug|Any CPU
		Debug|x64 = Debug|x64
		Debug|x86 = Debug|x86
		Release|Any CPU = Release|Any CPU
		Release|x64 = Release|x64
		Release|x86 = Release|x86
	EndGlobalSection
	GlobalSection(ProjectConfigurationPlatforms) = postSolution
		{EC9F97AF-6C2D-4B92-A67D-A38F3682A4B5}.Debug|Any CPU.ActiveCfg = Debug|Any CPU
		{EC9F97AF-6C2D-4B92-A67D-A38F3682A4B5}.Debug|Any CPU.Build.0 = Debug|Any CPU
		{EC9F97AF-6C2D-4B92-A67D-A38F3682A4B5}.Debug|x64.ActiveCfg = Debug|Any CPU
		{EC9F97AF-6C2D-4B92-A67D-A38F3682A4B5}.Debug|x64.Build.0 = Debug|Any CPU
		{EC9F97AF-6C2D-4B92-A67D-A38F3682A4B5}.Debug|x86.ActiveCfg = Debug|Any CPU
		{EC9F97AF-6C2D-4B92-A67D-A38F3682A4B5}.Debug|x86.Build.0 = Debug|Any CPU
		{EC9F97AF-6C2D-4B92-A67D-A38F3682A4B5}.Release|Any CPU.ActiveCfg = Release|Any CPU
		{EC9F97AF-6C2D-4B92-A67D-A38F3682A4B5}.Release|Any CPU.Build.0 = Release|Any CPU
		{EC9F97AF-6C2D-4B92-A67D-A38F3682A4B5}.Release|x64.ActiveCfg = Release|Any CPU
		{EC9F97AF-6C2D-4B92-A67D-A38F3682A4B5}.Release|x64.Build.0 = Release|Any CPU
		{EC9F97AF-6C2D-4B92-A67D-A38F3682A4B5}.Release|x86.ActiveCfg = Release|Any CPU
		{EC9F97AF-6C2D-4B92-A67D-A38F3682A4B5}.Release|x86.Build.0 = Release|Any CPU
		{735AA330-0D34-4DAC-9BDA-03B5B6EBFFDD}.Debug|Any CPU.ActiveCfg = Debug|Any CPU
		{735AA330-0D34-4DAC-9BDA-03B5B6EBFFDD}.Debug|Any CPU.Build.0 = Debug|Any CPU
		{735AA330-0D34-4DAC-9BDA-03B5B6EBFFDD}.Debug|x64.ActiveCfg = Debug|Any CPU
		{735AA330-0D34-4DAC-9BDA-03B5B6EBFFDD}.Debug|x64.Build.0 = Debug|Any CPU
		{735AA330-0D34-4DAC-9BDA-03B5B6EBFFDD}.Debug|x86.ActiveCfg = Debug|Any CPU
		{735AA330-0D34-4DAC-9BDA-03B5B6EBFFDD}.Debug|x86.Build.0 = Debug|Any CPU
		{735AA330-0D34-4DAC-9BDA-03B5B6EBFFDD}.Release|Any CPU.ActiveCfg = Release|Any CPU
		{735AA330-0D34-4DAC-9BDA-03B5B6EBFFDD}.Release|Any CPU.Build.0 = Release|Any CPU
		{735AA330-0D34-4DAC-9BDA-03B5B6EBFFDD}.Release|x64.ActiveCfg = Release|Any CPU
		{735AA330-0D34-4DAC-9BDA-03B5B6EBFFDD}.Release|x64.Build.0 = Release|Any CPU
		{735AA330-0D34-4DAC-9BDA-03B5B6EBFFDD}.Release|x86.ActiveCfg = Release|Any CPU
		{735AA330-0D34-4DAC-9BDA-03B5B6EBFFDD}.Release|x86.Build.0 = Release|Any CPU
	EndGlobalSection
	GlobalSection(SolutionProperties) = preSolution
		HideSolutionNode = FALSE
	EndGlobalSection
	GlobalSection(ExtensibilityGlobals) = postSolution
		SolutionGuid = {901ADBA1-0720-4914-827A-F37E3A4ACEA2}
	EndGlobalSection
EndGlobal
